// !$*UTF8*$!
{
	archiveVersion = 1;
	classes = {
	};
	objectVersion = 56;
	objects = {

/* Begin PBXBuildFile section */
		B5138A372A53E1C300FD2BF3 /* AppDelegate.swift in Sources */ = {isa = PBXBuildFile; fileRef = B5138A362A53E1C300FD2BF3 /* AppDelegate.swift */; };
		B5138A392A53E1C300FD2BF3 /* SceneDelegate.swift in Sources */ = {isa = PBXBuildFile; fileRef = B5138A382A53E1C300FD2BF3 /* SceneDelegate.swift */; };
		B5138A3B2A53E1C300FD2BF3 /* GameBoardViewController.swift in Sources */ = {isa = PBXBuildFile; fileRef = B5138A3A2A53E1C300FD2BF3 /* GameBoardViewController.swift */; };
		B5138A402A53E1C300FD2BF3 /* Assets.xcassets in Resources */ = {isa = PBXBuildFile; fileRef = B5138A3F2A53E1C300FD2BF3 /* Assets.xcassets */; };
		B5138A432A53E1C300FD2BF3 /* LaunchScreen.storyboard in Resources */ = {isa = PBXBuildFile; fileRef = B5138A412A53E1C300FD2BF3 /* LaunchScreen.storyboard */; };
		B522785C2A59CB1500B68D8F /* DealerCardDeckView.swift in Sources */ = {isa = PBXBuildFile; fileRef = B522785B2A59CB1500B68D8F /* DealerCardDeckView.swift */; };
		B522785E2A59CEF000B68D8F /* CGSize+UIEdgeInsets.swift in Sources */ = {isa = PBXBuildFile; fileRef = B522785D2A59CEF000B68D8F /* CGSize+UIEdgeInsets.swift */; };
		B5493D972A59685E003B4223 /* CGRect+UIEdgeInsets.swift in Sources */ = {isa = PBXBuildFile; fileRef = B5493D962A59685E003B4223 /* CGRect+UIEdgeInsets.swift */; };
		B5493D992A596892003B4223 /* GameBoardView.swift in Sources */ = {isa = PBXBuildFile; fileRef = B5493D982A596892003B4223 /* GameBoardView.swift */; };
		B5493D9B2A59B89B003B4223 /* LuckyCardGameBaseView.swift in Sources */ = {isa = PBXBuildFile; fileRef = B5493D9A2A59B89B003B4223 /* LuckyCardGameBaseView.swift */; };
		B54A7FF62A556F6C00945A62 /* LuckyCard.swift in Sources */ = {isa = PBXBuildFile; fileRef = B54A7FF52A556F6C00945A62 /* LuckyCard.swift */; };
		B54A7FF82A55BF3400945A62 /* LuckyCardDeck.swift in Sources */ = {isa = PBXBuildFile; fileRef = B54A7FF72A55BF3400945A62 /* LuckyCardDeck.swift */; };
		B54A7FFA2A55C1B800945A62 /* CardDeckProtocol.swift in Sources */ = {isa = PBXBuildFile; fileRef = B54A7FF92A55C1B800945A62 /* CardDeckProtocol.swift */; };
		B54A7FFC2A55C2F300945A62 /* CardProtocol.swift in Sources */ = {isa = PBXBuildFile; fileRef = B54A7FFB2A55C2F300945A62 /* CardProtocol.swift */; };
		B56234FB2A57000C00CEC8F6 /* LuckyCardGame.swift in Sources */ = {isa = PBXBuildFile; fileRef = B56234FA2A57000C00CEC8F6 /* LuckyCardGame.swift */; };
		B5AEF2282A5BC8C2005436CC /* CardView.swift in Sources */ = {isa = PBXBuildFile; fileRef = B5AEF2272A5BC8C2005436CC /* CardView.swift */; };
		B5AEF22A2A5CD863005436CC /* String+UIImage.swift in Sources */ = {isa = PBXBuildFile; fileRef = B5AEF2292A5CD863005436CC /* String+UIImage.swift */; };
		B5AEF22C2A5D3C4B005436CC /* GameView.swift in Sources */ = {isa = PBXBuildFile; fileRef = B5AEF22B2A5D3C4B005436CC /* GameView.swift */; };
		B5AEF22E2A5D9577005436CC /* CardDeckView.swift in Sources */ = {isa = PBXBuildFile; fileRef = B5AEF22D2A5D9577005436CC /* CardDeckView.swift */; };
		B5AEF2302A5D95CE005436CC /* CardDeckStackView.swift in Sources */ = {isa = PBXBuildFile; fileRef = B5AEF22F2A5D95CE005436CC /* CardDeckStackView.swift */; };
/* End PBXBuildFile section */

/* Begin PBXFileReference section */
		B5138A332A53E1C300FD2BF3 /* LuckyCardGame.app */ = {isa = PBXFileReference; explicitFileType = wrapper.application; includeInIndex = 0; path = LuckyCardGame.app; sourceTree = BUILT_PRODUCTS_DIR; };
		B5138A362A53E1C300FD2BF3 /* AppDelegate.swift */ = {isa = PBXFileReference; lastKnownFileType = sourcecode.swift; path = AppDelegate.swift; sourceTree = "<group>"; };
		B5138A382A53E1C300FD2BF3 /* SceneDelegate.swift */ = {isa = PBXFileReference; lastKnownFileType = sourcecode.swift; path = SceneDelegate.swift; sourceTree = "<group>"; };
		B5138A3A2A53E1C300FD2BF3 /* GameBoardViewController.swift */ = {isa = PBXFileReference; lastKnownFileType = sourcecode.swift; path = GameBoardViewController.swift; sourceTree = "<group>"; };
		B5138A3F2A53E1C300FD2BF3 /* Assets.xcassets */ = {isa = PBXFileReference; lastKnownFileType = folder.assetcatalog; path = Assets.xcassets; sourceTree = "<group>"; };
		B5138A422A53E1C300FD2BF3 /* Base */ = {isa = PBXFileReference; lastKnownFileType = file.storyboard; name = Base; path = Base.lproj/LaunchScreen.storyboard; sourceTree = "<group>"; };
		B5138A442A53E1C300FD2BF3 /* Info.plist */ = {isa = PBXFileReference; lastKnownFileType = text.plist.xml; path = Info.plist; sourceTree = "<group>"; };
		B522785B2A59CB1500B68D8F /* DealerCardDeckView.swift */ = {isa = PBXFileReference; lastKnownFileType = sourcecode.swift; name = DealerCardDeckView.swift; path = LuckyCardGame/View/DealerCardDeckView.swift; sourceTree = SOURCE_ROOT; };
		B522785D2A59CEF000B68D8F /* CGSize+UIEdgeInsets.swift */ = {isa = PBXFileReference; lastKnownFileType = sourcecode.swift; path = "CGSize+UIEdgeInsets.swift"; sourceTree = "<group>"; };
		B5493D962A59685E003B4223 /* CGRect+UIEdgeInsets.swift */ = {isa = PBXFileReference; lastKnownFileType = sourcecode.swift; path = "CGRect+UIEdgeInsets.swift"; sourceTree = "<group>"; };
		B5493D982A596892003B4223 /* GameBoardView.swift */ = {isa = PBXFileReference; lastKnownFileType = sourcecode.swift; name = GameBoardView.swift; path = LuckyCardGame/View/GameBoardView.swift; sourceTree = SOURCE_ROOT; };
		B5493D9A2A59B89B003B4223 /* LuckyCardGameBaseView.swift */ = {isa = PBXFileReference; lastKnownFileType = sourcecode.swift; name = LuckyCardGameBaseView.swift; path = LuckyCardGame/View/LuckyCardGameBaseView.swift; sourceTree = SOURCE_ROOT; };
		B54A7FF52A556F6C00945A62 /* LuckyCard.swift */ = {isa = PBXFileReference; lastKnownFileType = sourcecode.swift; path = LuckyCard.swift; sourceTree = "<group>"; };
		B54A7FF72A55BF3400945A62 /* LuckyCardDeck.swift */ = {isa = PBXFileReference; lastKnownFileType = sourcecode.swift; path = LuckyCardDeck.swift; sourceTree = "<group>"; };
		B54A7FF92A55C1B800945A62 /* CardDeckProtocol.swift */ = {isa = PBXFileReference; lastKnownFileType = sourcecode.swift; path = CardDeckProtocol.swift; sourceTree = "<group>"; };
		B54A7FFB2A55C2F300945A62 /* CardProtocol.swift */ = {isa = PBXFileReference; lastKnownFileType = sourcecode.swift; path = CardProtocol.swift; sourceTree = "<group>"; };
		B56234FA2A57000C00CEC8F6 /* LuckyCardGame.swift */ = {isa = PBXFileReference; lastKnownFileType = sourcecode.swift; path = LuckyCardGame.swift; sourceTree = "<group>"; };
		B5AEF2272A5BC8C2005436CC /* CardView.swift */ = {isa = PBXFileReference; lastKnownFileType = sourcecode.swift; name = CardView.swift; path = LuckyCardGame/View/CardView.swift; sourceTree = SOURCE_ROOT; };
		B5AEF2292A5CD863005436CC /* String+UIImage.swift */ = {isa = PBXFileReference; lastKnownFileType = sourcecode.swift; path = "String+UIImage.swift"; sourceTree = "<group>"; };
		B5AEF22B2A5D3C4B005436CC /* GameView.swift */ = {isa = PBXFileReference; lastKnownFileType = sourcecode.swift; name = GameView.swift; path = LuckyCardGame/View/GameView.swift; sourceTree = SOURCE_ROOT; };
		B5AEF22D2A5D9577005436CC /* CardDeckView.swift */ = {isa = PBXFileReference; fileEncoding = 4; lastKnownFileType = sourcecode.swift; name = CardDeckView.swift; path = LuckyCardGame/View/CardDeckView.swift; sourceTree = SOURCE_ROOT; };
		B5AEF22F2A5D95CE005436CC /* CardDeckStackView.swift */ = {isa = PBXFileReference; fileEncoding = 4; lastKnownFileType = sourcecode.swift; name = CardDeckStackView.swift; path = LuckyCardGame/View/CardDeckStackView.swift; sourceTree = SOURCE_ROOT; };
/* End PBXFileReference section */

/* Begin PBXFrameworksBuildPhase section */
		B5138A302A53E1C300FD2BF3 /* Frameworks */ = {
			isa = PBXFrameworksBuildPhase;
			buildActionMask = 2147483647;
			files = (
			);
			runOnlyForDeploymentPostprocessing = 0;
		};
/* End PBXFrameworksBuildPhase section */

/* Begin PBXGroup section */
		B5138A2A2A53E1C300FD2BF3 = {
			isa = PBXGroup;
			children = (
				B5138A352A53E1C300FD2BF3 /* LuckyCardGame */,
				B5138A342A53E1C300FD2BF3 /* Products */,
			);
			sourceTree = "<group>";
		};
		B5138A342A53E1C300FD2BF3 /* Products */ = {
			isa = PBXGroup;
			children = (
				B5138A332A53E1C300FD2BF3 /* LuckyCardGame.app */,
			);
			name = Products;
			sourceTree = "<group>";
		};
		B5138A352A53E1C300FD2BF3 /* LuckyCardGame */ = {
			isa = PBXGroup;
			children = (
				B5AEF2312A5DC491005436CC /* App */,
				B54A7FEF2A55634300945A62 /* View */,
				B54A7FF42A556F3D00945A62 /* Model */,
				B5493D952A59684B003B4223 /* Extension */,
				B5138A3A2A53E1C300FD2BF3 /* GameBoardViewController.swift */,
				B5138A3F2A53E1C300FD2BF3 /* Assets.xcassets */,
				B5138A442A53E1C300FD2BF3 /* Info.plist */,
			);
			path = LuckyCardGame;
			sourceTree = "<group>";
		};
		B5493D952A59684B003B4223 /* Extension */ = {
			isa = PBXGroup;
			children = (
				B5493D962A59685E003B4223 /* CGRect+UIEdgeInsets.swift */,
				B522785D2A59CEF000B68D8F /* CGSize+UIEdgeInsets.swift */,
				B5AEF2292A5CD863005436CC /* String+UIImage.swift */,
			);
			path = Extension;
			sourceTree = "<group>";
		};
		B54A7FEF2A55634300945A62 /* View */ = {
			isa = PBXGroup;
			children = (
				B5493D9A2A59B89B003B4223 /* LuckyCardGameBaseView.swift */,
				B5AEF22B2A5D3C4B005436CC /* GameView.swift */,
				B5493D982A596892003B4223 /* GameBoardView.swift */,
				B5AEF22F2A5D95CE005436CC /* CardDeckStackView.swift */,
				B5AEF22D2A5D9577005436CC /* CardDeckView.swift */,
				B522785B2A59CB1500B68D8F /* DealerCardDeckView.swift */,
				B5AEF2272A5BC8C2005436CC /* CardView.swift */,
			);
			name = View;
			path = "../../../../../../문서 - MacBook Pro 16 SM/Workspace/Softeer/ios-luckycardgame/LuckyCardGame/LuckyCardGame/View";
			sourceTree = "<group>";
		};
		B54A7FF42A556F3D00945A62 /* Model */ = {
			isa = PBXGroup;
			children = (
				B5AEF2322A5DC5A8005436CC /* Protocol */,
				B56234FA2A57000C00CEC8F6 /* LuckyCardGame.swift */,
				B54A7FF72A55BF3400945A62 /* LuckyCardDeck.swift */,
				B54A7FF52A556F6C00945A62 /* LuckyCard.swift */,
			);
			path = Model;
			sourceTree = "<group>";
		};
		B5AEF2312A5DC491005436CC /* App */ = {
			isa = PBXGroup;
			children = (
				B5138A362A53E1C300FD2BF3 /* AppDelegate.swift */,
				B5138A382A53E1C300FD2BF3 /* SceneDelegate.swift */,
				B5138A412A53E1C300FD2BF3 /* LaunchScreen.storyboard */,
			);
			path = App;
			sourceTree = "<group>";
		};
		B5AEF2322A5DC5A8005436CC /* Protocol */ = {
			isa = PBXGroup;
			children = (
				B54A7FF92A55C1B800945A62 /* CardDeckProtocol.swift */,
				B54A7FFB2A55C2F300945A62 /* CardProtocol.swift */,
			);
			path = Protocol;
			sourceTree = "<group>";
		};
/* End PBXGroup section */

/* Begin PBXNativeTarget section */
		B5138A322A53E1C300FD2BF3 /* LuckyCardGame */ = {
			isa = PBXNativeTarget;
			buildConfigurationList = B5138A472A53E1C300FD2BF3 /* Build configuration list for PBXNativeTarget "LuckyCardGame" */;
			buildPhases = (
				B5138A2F2A53E1C300FD2BF3 /* Sources */,
				B5138A302A53E1C300FD2BF3 /* Frameworks */,
				B5138A312A53E1C300FD2BF3 /* Resources */,
			);
			buildRules = (
			);
			dependencies = (
			);
			name = LuckyCardGame;
			productName = LuckyCardGame;
			productReference = B5138A332A53E1C300FD2BF3 /* LuckyCardGame.app */;
			productType = "com.apple.product-type.application";
		};
/* End PBXNativeTarget section */

/* Begin PBXProject section */
		B5138A2B2A53E1C300FD2BF3 /* Project object */ = {
			isa = PBXProject;
			attributes = {
				BuildIndependentTargetsInParallel = 1;
				LastSwiftUpdateCheck = 1500;
				LastUpgradeCheck = 1500;
				TargetAttributes = {
					B5138A322A53E1C300FD2BF3 = {
						CreatedOnToolsVersion = 15.0;
					};
				};
			};
			buildConfigurationList = B5138A2E2A53E1C300FD2BF3 /* Build configuration list for PBXProject "LuckyCardGame" */;
			compatibilityVersion = "Xcode 14.0";
			developmentRegion = en;
			hasScannedForEncodings = 0;
			knownRegions = (
				en,
				Base,
			);
			mainGroup = B5138A2A2A53E1C300FD2BF3;
			productRefGroup = B5138A342A53E1C300FD2BF3 /* Products */;
			projectDirPath = "";
			projectRoot = "";
			targets = (
				B5138A322A53E1C300FD2BF3 /* LuckyCardGame */,
			);
		};
/* End PBXProject section */

/* Begin PBXResourcesBuildPhase section */
		B5138A312A53E1C300FD2BF3 /* Resources */ = {
			isa = PBXResourcesBuildPhase;
			buildActionMask = 2147483647;
			files = (
				B5138A432A53E1C300FD2BF3 /* LaunchScreen.storyboard in Resources */,
				B5138A402A53E1C300FD2BF3 /* Assets.xcassets in Resources */,
			);
			runOnlyForDeploymentPostprocessing = 0;
		};
/* End PBXResourcesBuildPhase section */

/* Begin PBXSourcesBuildPhase section */
		B5138A2F2A53E1C300FD2BF3 /* Sources */ = {
			isa = PBXSourcesBuildPhase;
			buildActionMask = 2147483647;
			files = (
				B5493D972A59685E003B4223 /* CGRect+UIEdgeInsets.swift in Sources */,
				B5493D992A596892003B4223 /* GameBoardView.swift in Sources */,
				B5138A3B2A53E1C300FD2BF3 /* GameBoardViewController.swift in Sources */,
				B54A7FFC2A55C2F300945A62 /* CardProtocol.swift in Sources */,
				B5AEF2302A5D95CE005436CC /* CardDeckStackView.swift in Sources */,
				B5AEF22C2A5D3C4B005436CC /* GameView.swift in Sources */,
				B522785C2A59CB1500B68D8F /* DealerCardDeckView.swift in Sources */,
				B54A7FF62A556F6C00945A62 /* LuckyCard.swift in Sources */,
				B5138A372A53E1C300FD2BF3 /* AppDelegate.swift in Sources */,
				B54A7FFA2A55C1B800945A62 /* CardDeckProtocol.swift in Sources */,
				B54A7FF82A55BF3400945A62 /* LuckyCardDeck.swift in Sources */,
				B56234FB2A57000C00CEC8F6 /* LuckyCardGame.swift in Sources */,
				B5493D9B2A59B89B003B4223 /* LuckyCardGameBaseView.swift in Sources */,
				B5AEF22E2A5D9577005436CC /* CardDeckView.swift in Sources */,
				B522785E2A59CEF000B68D8F /* CGSize+UIEdgeInsets.swift in Sources */,
				B5138A392A53E1C300FD2BF3 /* SceneDelegate.swift in Sources */,
				B5AEF22A2A5CD863005436CC /* String+UIImage.swift in Sources */,
				B5AEF2282A5BC8C2005436CC /* CardView.swift in Sources */,
			);
			runOnlyForDeploymentPostprocessing = 0;
		};
/* End PBXSourcesBuildPhase section */

/* Begin PBXVariantGroup section */
		B5138A412A53E1C300FD2BF3 /* LaunchScreen.storyboard */ = {
			isa = PBXVariantGroup;
			children = (
				B5138A422A53E1C300FD2BF3 /* Base */,
			);
			name = LaunchScreen.storyboard;
			sourceTree = "<group>";
		};
/* End PBXVariantGroup section */

/* Begin XCBuildConfiguration section */
		B5138A452A53E1C300FD2BF3 /* Debug */ = {
			isa = XCBuildConfiguration;
			buildSettings = {
				ALWAYS_SEARCH_USER_PATHS = NO;
				ASSETCATALOG_COMPILER_GENERATE_SWIFT_ASSET_SYMBOL_EXTENSIONS = YES;
				CLANG_ANALYZER_NONNULL = YES;
				CLANG_ANALYZER_NUMBER_OBJECT_CONVERSION = YES_AGGRESSIVE;
				CLANG_CXX_LANGUAGE_STANDARD = "gnu++20";
				CLANG_ENABLE_MODULES = YES;
				CLANG_ENABLE_OBJC_ARC = YES;
				CLANG_ENABLE_OBJC_WEAK = YES;
				CLANG_WARN_BLOCK_CAPTURE_AUTORELEASING = YES;
				CLANG_WARN_BOOL_CONVERSION = YES;
				CLANG_WARN_COMMA = YES;
				CLANG_WARN_CONSTANT_CONVERSION = YES;
				CLANG_WARN_DEPRECATED_OBJC_IMPLEMENTATIONS = YES;
				CLANG_WARN_DIRECT_OBJC_ISA_USAGE = YES_ERROR;
				CLANG_WARN_DOCUMENTATION_COMMENTS = YES;
				CLANG_WARN_EMPTY_BODY = YES;
				CLANG_WARN_ENUM_CONVERSION = YES;
				CLANG_WARN_INFINITE_RECURSION = YES;
				CLANG_WARN_INT_CONVERSION = YES;
				CLANG_WARN_NON_LITERAL_NULL_CONVERSION = YES;
				CLANG_WARN_OBJC_IMPLICIT_RETAIN_SELF = YES;
				CLANG_WARN_OBJC_LITERAL_CONVERSION = YES;
				CLANG_WARN_OBJC_ROOT_CLASS = YES_ERROR;
				CLANG_WARN_QUOTED_INCLUDE_IN_FRAMEWORK_HEADER = YES;
				CLANG_WARN_RANGE_LOOP_ANALYSIS = YES;
				CLANG_WARN_STRICT_PROTOTYPES = YES;
				CLANG_WARN_SUSPICIOUS_MOVE = YES;
				CLANG_WARN_UNGUARDED_AVAILABILITY = YES_AGGRESSIVE;
				CLANG_WARN_UNREACHABLE_CODE = YES;
				CLANG_WARN__DUPLICATE_METHOD_MATCH = YES;
				COPY_PHASE_STRIP = NO;
				DEBUG_INFORMATION_FORMAT = dwarf;
				ENABLE_STRICT_OBJC_MSGSEND = YES;
				ENABLE_TESTABILITY = YES;
				ENABLE_USER_SCRIPT_SANDBOXING = YES;
				GCC_C_LANGUAGE_STANDARD = gnu17;
				GCC_DYNAMIC_NO_PIC = NO;
				GCC_NO_COMMON_BLOCKS = YES;
				GCC_OPTIMIZATION_LEVEL = 0;
				GCC_PREPROCESSOR_DEFINITIONS = (
					"DEBUG=1",
					"$(inherited)",
				);
				GCC_WARN_64_TO_32_BIT_CONVERSION = YES;
				GCC_WARN_ABOUT_RETURN_TYPE = YES_ERROR;
				GCC_WARN_UNDECLARED_SELECTOR = YES;
				GCC_WARN_UNINITIALIZED_AUTOS = YES_AGGRESSIVE;
				GCC_WARN_UNUSED_FUNCTION = YES;
				GCC_WARN_UNUSED_VARIABLE = YES;
				IPHONEOS_DEPLOYMENT_TARGET = 15.0;
				LOCALIZATION_PREFERS_STRING_CATALOGS = YES;
				MTL_ENABLE_DEBUG_INFO = INCLUDE_SOURCE;
				MTL_FAST_MATH = YES;
				ONLY_ACTIVE_ARCH = YES;
				SDKROOT = iphoneos;
				SWIFT_ACTIVE_COMPILATION_CONDITIONS = "DEBUG $(inherited)";
				SWIFT_OPTIMIZATION_LEVEL = "-Onone";
			};
			name = Debug;
		};
		B5138A462A53E1C300FD2BF3 /* Release */ = {
			isa = XCBuildConfiguration;
			buildSettings = {
				ALWAYS_SEARCH_USER_PATHS = NO;
				ASSETCATALOG_COMPILER_GENERATE_SWIFT_ASSET_SYMBOL_EXTENSIONS = YES;
				CLANG_ANALYZER_NONNULL = YES;
				CLANG_ANALYZER_NUMBER_OBJECT_CONVERSION = YES_AGGRESSIVE;
				CLANG_CXX_LANGUAGE_STANDARD = "gnu++20";
				CLANG_ENABLE_MODULES = YES;
				CLANG_ENABLE_OBJC_ARC = YES;
				CLANG_ENABLE_OBJC_WEAK = YES;
				CLANG_WARN_BLOCK_CAPTURE_AUTORELEASING = YES;
				CLANG_WARN_BOOL_CONVERSION = YES;
				CLANG_WARN_COMMA = YES;
				CLANG_WARN_CONSTANT_CONVERSION = YES;
				CLANG_WARN_DEPRECATED_OBJC_IMPLEMENTATIONS = YES;
				CLANG_WARN_DIRECT_OBJC_ISA_USAGE = YES_ERROR;
				CLANG_WARN_DOCUMENTATION_COMMENTS = YES;
				CLANG_WARN_EMPTY_BODY = YES;
				CLANG_WARN_ENUM_CONVERSION = YES;
				CLANG_WARN_INFINITE_RECURSION = YES;
				CLANG_WARN_INT_CONVERSION = YES;
				CLANG_WARN_NON_LITERAL_NULL_CONVERSION = YES;
				CLANG_WARN_OBJC_IMPLICIT_RETAIN_SELF = YES;
				CLANG_WARN_OBJC_LITERAL_CONVERSION = YES;
				CLANG_WARN_OBJC_ROOT_CLASS = YES_ERROR;
				CLANG_WARN_QUOTED_INCLUDE_IN_FRAMEWORK_HEADER = YES;
				CLANG_WARN_RANGE_LOOP_ANALYSIS = YES;
				CLANG_WARN_STRICT_PROTOTYPES = YES;
				CLANG_WARN_SUSPICIOUS_MOVE = YES;
				CLANG_WARN_UNGUARDED_AVAILABILITY = YES_AGGRESSIVE;
				CLANG_WARN_UNREACHABLE_CODE = YES;
				CLANG_WARN__DUPLICATE_METHOD_MATCH = YES;
				COPY_PHASE_STRIP = NO;
				DEBUG_INFORMATION_FORMAT = "dwarf-with-dsym";
				ENABLE_NS_ASSERTIONS = NO;
				ENABLE_STRICT_OBJC_MSGSEND = YES;
				ENABLE_USER_SCRIPT_SANDBOXING = YES;
				GCC_C_LANGUAGE_STANDARD = gnu17;
				GCC_NO_COMMON_BLOCKS = YES;
				GCC_WARN_64_TO_32_BIT_CONVERSION = YES;
				GCC_WARN_ABOUT_RETURN_TYPE = YES_ERROR;
				GCC_WARN_UNDECLARED_SELECTOR = YES;
				GCC_WARN_UNINITIALIZED_AUTOS = YES_AGGRESSIVE;
				GCC_WARN_UNUSED_FUNCTION = YES;
				GCC_WARN_UNUSED_VARIABLE = YES;
				IPHONEOS_DEPLOYMENT_TARGET = 15.0;
				LOCALIZATION_PREFERS_STRING_CATALOGS = YES;
				MTL_ENABLE_DEBUG_INFO = NO;
				MTL_FAST_MATH = YES;
				SDKROOT = iphoneos;
				SWIFT_COMPILATION_MODE = wholemodule;
				VALIDATE_PRODUCT = YES;
			};
			name = Release;
		};
		B5138A482A53E1C300FD2BF3 /* Debug */ = {
			isa = XCBuildConfiguration;
			buildSettings = {
				ASSETCATALOG_COMPILER_APPICON_NAME = AppIcon;
				ASSETCATALOG_COMPILER_GLOBAL_ACCENT_COLOR_NAME = AccentColor;
				CODE_SIGN_STYLE = Automatic;
				CURRENT_PROJECT_VERSION = 1;
				DEVELOPMENT_TEAM = AVZ9493N69;
				GENERATE_INFOPLIST_FILE = YES;
				INFOPLIST_FILE = LuckyCardGame/Info.plist;
				INFOPLIST_KEY_UIApplicationSupportsIndirectInputEvents = YES;
				INFOPLIST_KEY_UILaunchStoryboardName = LaunchScreen;
				INFOPLIST_KEY_UISupportedInterfaceOrientations_iPad = "UIInterfaceOrientationPortrait UIInterfaceOrientationPortraitUpsideDown UIInterfaceOrientationLandscapeLeft UIInterfaceOrientationLandscapeRight";
				INFOPLIST_KEY_UISupportedInterfaceOrientations_iPhone = "UIInterfaceOrientationPortrait UIInterfaceOrientationLandscapeLeft UIInterfaceOrientationLandscapeRight";
				IPHONEOS_DEPLOYMENT_TARGET = 15.0;
				LD_RUNPATH_SEARCH_PATHS = (
					"$(inherited)",
					"@executable_path/Frameworks",
				);
				MARKETING_VERSION = 1.0;
				PRODUCT_BUNDLE_IDENTIFIER = com.minios.LuckyCardGame;
				PRODUCT_NAME = "$(TARGET_NAME)";
				SUPPORTED_PLATFORMS = "iphoneos iphonesimulator";
				SUPPORTS_MACCATALYST = NO;
				SUPPORTS_MAC_DESIGNED_FOR_IPHONE_IPAD = NO;
				SUPPORTS_XR_DESIGNED_FOR_IPHONE_IPAD = NO;
				SWIFT_EMIT_LOC_STRINGS = YES;
				SWIFT_VERSION = 5.0;
				TARGETED_DEVICE_FAMILY = 1;
			};
			name = Debug;
		};
		B5138A492A53E1C300FD2BF3 /* Release */ = {
			isa = XCBuildConfiguration;
			buildSettings = {
				ASSETCATALOG_COMPILER_APPICON_NAME = AppIcon;
				ASSETCATALOG_COMPILER_GLOBAL_ACCENT_COLOR_NAME = AccentColor;
				CODE_SIGN_STYLE = Automatic;
				CURRENT_PROJECT_VERSION = 1;
				DEVELOPMENT_TEAM = AVZ9493N69;
				GENERATE_INFOPLIST_FILE = YES;
				INFOPLIST_FILE = LuckyCardGame/Info.plist;
				INFOPLIST_KEY_UIApplicationSupportsIndirectInputEvents = YES;
				INFOPLIST_KEY_UILaunchStoryboardName = LaunchScreen;
				INFOPLIST_KEY_UISupportedInterfaceOrientations_iPad = "UIInterfaceOrientationPortrait UIInterfaceOrientationPortraitUpsideDown UIInterfaceOrientationLandscapeLeft UIInterfaceOrientationLandscapeRight";
				INFOPLIST_KEY_UISupportedInterfaceOrientations_iPhone = "UIInterfaceOrientationPortrait UIInterfaceOrientationLandscapeLeft UIInterfaceOrientationLandscapeRight";
				IPHONEOS_DEPLOYMENT_TARGET = 15.0;
				LD_RUNPATH_SEARCH_PATHS = (
					"$(inherited)",
					"@executable_path/Frameworks",
				);
				MARKETING_VERSION = 1.0;
				PRODUCT_BUNDLE_IDENTIFIER = com.minios.LuckyCardGame;
				PRODUCT_NAME = "$(TARGET_NAME)";
				SUPPORTED_PLATFORMS = "iphoneos iphonesimulator";
				SUPPORTS_MACCATALYST = NO;
				SUPPORTS_MAC_DESIGNED_FOR_IPHONE_IPAD = NO;
				SUPPORTS_XR_DESIGNED_FOR_IPHONE_IPAD = NO;
				SWIFT_EMIT_LOC_STRINGS = YES;
				SWIFT_VERSION = 5.0;
				TARGETED_DEVICE_FAMILY = 1;
			};
			name = Release;
		};
/* End XCBuildConfiguration section */

/* Begin XCConfigurationList section */
		B5138A2E2A53E1C300FD2BF3 /* Build configuration list for PBXProject "LuckyCardGame" */ = {
			isa = XCConfigurationList;
			buildConfigurations = (
				B5138A452A53E1C300FD2BF3 /* Debug */,
				B5138A462A53E1C300FD2BF3 /* Release */,
			);
			defaultConfigurationIsVisible = 0;
			defaultConfigurationName = Release;
		};
		B5138A472A53E1C300FD2BF3 /* Build configuration list for PBXNativeTarget "LuckyCardGame" */ = {
			isa = XCConfigurationList;
			buildConfigurations = (
				B5138A482A53E1C300FD2BF3 /* Debug */,
				B5138A492A53E1C300FD2BF3 /* Release */,
			);
			defaultConfigurationIsVisible = 0;
			defaultConfigurationName = Release;
		};
/* End XCConfigurationList section */
	};
	rootObject = B5138A2B2A53E1C300FD2BF3 /* Project object */;
}
